
Microsoft Visual Studio Solution File, Format Version 12.00
# Visual Studio Version 17
VisualStudioVersion = 17.8.34408.163
MinimumVisualStudioVersion = 10.0.40219.1
Project("{FAE04EC0-301F-11D3-BF4B-00C04F79EFBC}") = "PhongNhatHuy", "PhongNhatHuy\PhongNhatHuy.csproj", "{15417AA1-842A-4E84-BB3E-D17D87A5EBEF}"
EndProject
Global
	GlobalSection(SolutionConfigurationPlatforms) = preSolution
		Debug|Any CPU = Debug|Any CPU
		Release|Any CPU = Release|Any CPU
	EndGlobalSection
	GlobalSection(ProjectConfigurationPlatforms) = postSolution
		{15417AA1-842A-4E84-BB3E-D17D87A5EBEF}.Debug|Any CPU.ActiveCfg = Debug|Any CPU
		{15417AA1-842A-4E84-BB3E-D17D87A5EBEF}.Debug|Any CPU.Build.0 = Debug|Any CPU
		{15417AA1-842A-4E84-BB3E-D17D87A5EBEF}.Release|Any CPU.ActiveCfg = Release|Any CPU
		{15417AA1-842A-4E84-BB3E-D17D87A5EBEF}.Release|Any CPU.Build.0 = Release|Any CPU
	EndGlobalSection
	GlobalSection(SolutionProperties) = preSolution
		HideSolutionNode = FALSE
	EndGlobalSection
	GlobalSection(ExtensibilityGlobals) = postSolution
		SolutionGuid = {AE6FDBEE-6FBA-43BB-8137-6AE2A7FEB71D}
	EndGlobalSection
EndGlobal
